
Microsoft Visual Studio Solution File, Format Version 12.00
Project("{2150E333-8FDC-42A3-9474-1A3956D46DE8}") = "DataProviders", "DataProviders", "{659A4F45-3A17-4EEF-9B7A-112DC320F1BE}"
EndProject
Project("{2150E333-8FDC-42A3-9474-1A3956D46DE8}") = "Domain", "Domain", "{14C3E3D5-AE3C-4901-9D51-A69A86609E3B}"
EndProject
Project("{2150E333-8FDC-42A3-9474-1A3956D46DE8}") = "EntryPoints", "EntryPoints", "{31253D60-8529-4DFA-B0B1-6E2CF9F3B985}"
EndProject
Project("{2150E333-8FDC-42A3-9474-1A3956D46DE8}") = "UnitTests", "UnitTests", "{E818A9F4-9625-4A17-83BD-997CCFD25AEA}"
EndProject
Project("{FAE04EC0-301F-11D3-BF4B-00C04F79EFBC}") = "UniversiteDomain", "UniversiteDomain\UniversiteDomain.csproj", "{61AFD8FD-8BEC-4BD1-BDA7-2D5FE0FAA0C1}"
EndProject
Project("{FAE04EC0-301F-11D3-BF4B-00C04F79EFBC}") = "UniversiteDomainUnitTests", "UniversiteDomainUnitTests\UniversiteDomainUnitTests.csproj", "{5B5EAA33-6A50-4290-A9FF-7CB96DC8CDD9}"
EndProject
Project("{FAE04EC0-301F-11D3-BF4B-00C04F79EFBC}") = "UniversiteEFDataProvider", "UniversiteEFDataProvider\UniversiteEFDataProvider.csproj", "{0B86F235-B5BB-4F13-9F55-B0BE6C1C5CC3}"
EndProject
Project("{FAE04EC0-301F-11D3-BF4B-00C04F79EFBC}") = "UniversiteRestApi", "UniversiteRestApi\UniversiteRestApi.csproj", "{E2215C23-38F1-4507-832B-B0B8A7F3A060}"
EndProject
Global
	GlobalSection(SolutionConfigurationPlatforms) = preSolution
		Debug|Any CPU = Debug|Any CPU
		Release|Any CPU = Release|Any CPU
	EndGlobalSection
	GlobalSection(NestedProjects) = preSolution
		{61AFD8FD-8BEC-4BD1-BDA7-2D5FE0FAA0C1} = {14C3E3D5-AE3C-4901-9D51-A69A86609E3B}
		{5B5EAA33-6A50-4290-A9FF-7CB96DC8CDD9} = {E818A9F4-9625-4A17-83BD-997CCFD25AEA}
		{0B86F235-B5BB-4F13-9F55-B0BE6C1C5CC3} = {659A4F45-3A17-4EEF-9B7A-112DC320F1BE}
		{E2215C23-38F1-4507-832B-B0B8A7F3A060} = {31253D60-8529-4DFA-B0B1-6E2CF9F3B985}
	EndGlobalSection
	GlobalSection(ProjectConfigurationPlatforms) = postSolution
		{61AFD8FD-8BEC-4BD1-BDA7-2D5FE0FAA0C1}.Debug|Any CPU.ActiveCfg = Debug|Any CPU
		{61AFD8FD-8BEC-4BD1-BDA7-2D5FE0FAA0C1}.Debug|Any CPU.Build.0 = Debug|Any CPU
		{61AFD8FD-8BEC-4BD1-BDA7-2D5FE0FAA0C1}.Release|Any CPU.ActiveCfg = Release|Any CPU
		{61AFD8FD-8BEC-4BD1-BDA7-2D5FE0FAA0C1}.Release|Any CPU.Build.0 = Release|Any CPU
		{5B5EAA33-6A50-4290-A9FF-7CB96DC8CDD9}.Debug|Any CPU.ActiveCfg = Debug|Any CPU
		{5B5EAA33-6A50-4290-A9FF-7CB96DC8CDD9}.Debug|Any CPU.Build.0 = Debug|Any CPU
		{5B5EAA33-6A50-4290-A9FF-7CB96DC8CDD9}.Release|Any CPU.ActiveCfg = Release|Any CPU
		{5B5EAA33-6A50-4290-A9FF-7CB96DC8CDD9}.Release|Any CPU.Build.0 = Release|Any CPU
		{0B86F235-B5BB-4F13-9F55-B0BE6C1C5CC3}.Debug|Any CPU.ActiveCfg = Debug|Any CPU
		{0B86F235-B5BB-4F13-9F55-B0BE6C1C5CC3}.Debug|Any CPU.Build.0 = Debug|Any CPU
		{0B86F235-B5BB-4F13-9F55-B0BE6C1C5CC3}.Release|Any CPU.ActiveCfg = Release|Any CPU
		{0B86F235-B5BB-4F13-9F55-B0BE6C1C5CC3}.Release|Any CPU.Build.0 = Release|Any CPU
		{E2215C23-38F1-4507-832B-B0B8A7F3A060}.Debug|Any CPU.ActiveCfg = Debug|Any CPU
		{E2215C23-38F1-4507-832B-B0B8A7F3A060}.Debug|Any CPU.Build.0 = Debug|Any CPU
		{E2215C23-38F1-4507-832B-B0B8A7F3A060}.Release|Any CPU.ActiveCfg = Release|Any CPU
		{E2215C23-38F1-4507-832B-B0B8A7F3A060}.Release|Any CPU.Build.0 = Release|Any CPU
	EndGlobalSection
EndGlobal
